// !$*UTF8*$!
{
	archiveVersion = 1;
	classes = {
	};
	objectVersion = 56;
	objects = {

/* Begin PBXBuildFile section */
		BC7B5CD42A3B311C00315090 /* main.cpp in Sources */ = {isa = PBXBuildFile; fileRef = BC7B5CD32A3B311C00315090 /* main.cpp */; };
		BC9A00832A3B332400E115BD /* Boxeur.cpp in Sources */ = {isa = PBXBuildFile; fileRef = BC9A00812A3B332400E115BD /* Boxeur.cpp */; };
		BC9A00862A3B41A800E115BD /* Combat.cpp in Sources */ = {isa = PBXBuildFile; fileRef = BC9A00842A3B41A800E115BD /* Combat.cpp */; };
/* End PBXBuildFile section */

/* Begin PBXCopyFilesBuildPhase section */
		BC7B5CCE2A3B311C00315090 /* CopyFiles */ = {
			isa = PBXCopyFilesBuildPhase;
			buildActionMask = 2147483647;
			dstPath = /usr/share/man/man1/;
			dstSubfolderSpec = 0;
			files = (
			);
			runOnlyForDeploymentPostprocessing = 1;
		};
/* End PBXCopyFilesBuildPhase section */

/* Begin PBXFileReference section */
		BC7B5CD02A3B311C00315090 /* Contrôle jeudi */ = {isa = PBXFileReference; explicitFileType = "compiled.mach-o.executable"; includeInIndex = 0; path = "Contrôle jeudi"; sourceTree = BUILT_PRODUCTS_DIR; };
		BC7B5CD32A3B311C00315090 /* main.cpp */ = {isa = PBXFileReference; lastKnownFileType = sourcecode.cpp.cpp; path = main.cpp; sourceTree = "<group>"; };
		BC9A00812A3B332400E115BD /* Boxeur.cpp */ = {isa = PBXFileReference; lastKnownFileType = sourcecode.cpp.cpp; path = Boxeur.cpp; sourceTree = "<group>"; };
		BC9A00822A3B332400E115BD /* Boxeur.hpp */ = {isa = PBXFileReference; lastKnownFileType = sourcecode.cpp.h; path = Boxeur.hpp; sourceTree = "<group>"; };
		BC9A00842A3B41A800E115BD /* Combat.cpp */ = {isa = PBXFileReference; lastKnownFileType = sourcecode.cpp.cpp; path = Combat.cpp; sourceTree = "<group>"; };
		BC9A00852A3B41A800E115BD /* Combat.hpp */ = {isa = PBXFileReference; lastKnownFileType = sourcecode.cpp.h; path = Combat.hpp; sourceTree = "<group>"; };
/* End PBXFileReference section */

/* Begin PBXFrameworksBuildPhase section */
		BC7B5CCD2A3B311C00315090 /* Frameworks */ = {
			isa = PBXFrameworksBuildPhase;
			buildActionMask = 2147483647;
			files = (
			);
			runOnlyForDeploymentPostprocessing = 0;
		};
/* End PBXFrameworksBuildPhase section */

/* Begin PBXGroup section */
		BC7B5CC72A3B311C00315090 = {
			isa = PBXGroup;
			children = (
				BC7B5CD22A3B311C00315090 /* Contrôle jeudi */,
				BC7B5CD12A3B311C00315090 /* Products */,
			);
			sourceTree = "<group>";
		};
		BC7B5CD12A3B311C00315090 /* Products */ = {
			isa = PBXGroup;
			children = (
				BC7B5CD02A3B311C00315090 /* Contrôle jeudi */,
			);
			name = Products;
			sourceTree = "<group>";
		};
		BC7B5CD22A3B311C00315090 /* Contrôle jeudi */ = {
			isa = PBXGroup;
			children = (
				BC7B5CD32A3B311C00315090 /* main.cpp */,
				BC9A00812A3B332400E115BD /* Boxeur.cpp */,
				BC9A00822A3B332400E115BD /* Boxeur.hpp */,
				BC9A00842A3B41A800E115BD /* Combat.cpp */,
				BC9A00852A3B41A800E115BD /* Combat.hpp */,
			);
			path = "Contrôle jeudi";
			sourceTree = "<group>";
		};
/* End PBXGroup section */

/* Begin PBXNativeTarget section */
		BC7B5CCF2A3B311C00315090 /* Contrôle jeudi */ = {
			isa = PBXNativeTarget;
			buildConfigurationList = BC7B5CD72A3B311C00315090 /* Build configuration list for PBXNativeTarget "Contrôle jeudi" */;
			buildPhases = (
				BC7B5CCC2A3B311C00315090 /* Sources */,
				BC7B5CCD2A3B311C00315090 /* Frameworks */,
				BC7B5CCE2A3B311C00315090 /* CopyFiles */,
			);
			buildRules = (
			);
			dependencies = (
			);
			name = "Contrôle jeudi";
			productName = "Contrôle jeudi";
			productReference = BC7B5CD02A3B311C00315090 /* Contrôle jeudi */;
			productType = "com.apple.product-type.tool";
		};
/* End PBXNativeTarget section */

/* Begin PBXProject section */
		BC7B5CC82A3B311C00315090 /* Project object */ = {
			isa = PBXProject;
			attributes = {
				BuildIndependentTargetsInParallel = 1;
				LastUpgradeCheck = 1430;
				TargetAttributes = {
					BC7B5CCF2A3B311C00315090 = {
						CreatedOnToolsVersion = 14.3;
					};
				};
			};
			buildConfigurationList = BC7B5CCB2A3B311C00315090 /* Build configuration list for PBXProject "Contrôle jeudi" */;
			compatibilityVersion = "Xcode 14.0";
			developmentRegion = en;
			hasScannedForEncodings = 0;
			knownRegions = (
				en,
				Base,
			);
			mainGroup = BC7B5CC72A3B311C00315090;
			productRefGroup = BC7B5CD12A3B311C00315090 /* Products */;
			projectDirPath = "";
			projectRoot = "";
			targets = (
				BC7B5CCF2A3B311C00315090 /* Contrôle jeudi */,
			);
		};
/* End PBXProject section */

/* Begin PBXSourcesBuildPhase section */
		BC7B5CCC2A3B311C00315090 /* Sources */ = {
			isa = PBXSourcesBuildPhase;
			buildActionMask = 2147483647;
			files = (
				BC9A00862A3B41A800E115BD /* Combat.cpp in Sources */,
				BC9A00832A3B332400E115BD /* Boxeur.cpp in Sources */,
				BC7B5CD42A3B311C00315090 /* main.cpp in Sources */,
			);
			runOnlyForDeploymentPostprocessing = 0;
		};
/* End PBXSourcesBuildPhase section */

/* Begin XCBuildConfiguration section */
		BC7B5CD52A3B311C00315090 /* Debug */ = {
			isa = XCBuildConfiguration;
			buildSettings = {
				ALWAYS_SEARCH_USER_PATHS = NO;
				CLANG_ANALYZER_NONNULL = YES;
				CLANG_ANALYZER_NUMBER_OBJECT_CONVERSION = YES_AGGRESSIVE;
				CLANG_CXX_LANGUAGE_STANDARD = "gnu++20";
				CLANG_ENABLE_MODULES = YES;
				CLANG_ENABLE_OBJC_ARC = YES;
				CLANG_ENABLE_OBJC_WEAK = YES;
				CLANG_WARN_BLOCK_CAPTURE_AUTORELEASING = YES;
				CLANG_WARN_BOOL_CONVERSION = YES;
				CLANG_WARN_COMMA = YES;
				CLANG_WARN_CONSTANT_CONVERSION = YES;
				CLANG_WARN_DEPRECATED_OBJC_IMPLEMENTATIONS = YES;
				CLANG_WARN_DIRECT_OBJC_ISA_USAGE = YES_ERROR;
				CLANG_WARN_DOCUMENTATION_COMMENTS = YES;
				CLANG_WARN_EMPTY_BODY = YES;
				CLANG_WARN_ENUM_CONVERSION = YES;
				CLANG_WARN_INFINITE_RECURSION = YES;
				CLANG_WARN_INT_CONVERSION = YES;
				CLANG_WARN_NON_LITERAL_NULL_CONVERSION = YES;
				CLANG_WARN_OBJC_IMPLICIT_RETAIN_SELF = YES;
				CLANG_WARN_OBJC_LITERAL_CONVERSION = YES;
				CLANG_WARN_OBJC_ROOT_CLASS = YES_ERROR;
				CLANG_WARN_QUOTED_INCLUDE_IN_FRAMEWORK_HEADER = YES;
				CLANG_WARN_RANGE_LOOP_ANALYSIS = YES;
				CLANG_WARN_STRICT_PROTOTYPES = YES;
				CLANG_WARN_SUSPICIOUS_MOVE = YES;
				CLANG_WARN_UNGUARDED_AVAILABILITY = YES_AGGRESSIVE;
				CLANG_WARN_UNREACHABLE_CODE = YES;
				CLANG_WARN__DUPLICATE_METHOD_MATCH = YES;
				COPY_PHASE_STRIP = NO;
				DEBUG_INFORMATION_FORMAT = dwarf;
				ENABLE_STRICT_OBJC_MSGSEND = YES;
				ENABLE_TESTABILITY = YES;
				GCC_C_LANGUAGE_STANDARD = gnu11;
				GCC_DYNAMIC_NO_PIC = NO;
				GCC_NO_COMMON_BLOCKS = YES;
				GCC_OPTIMIZATION_LEVEL = 0;
				GCC_PREPROCESSOR_DEFINITIONS = (
					"DEBUG=1",
					"$(inherited)",
				);
				GCC_WARN_64_TO_32_BIT_CONVERSION = YES;
				GCC_WARN_ABOUT_RETURN_TYPE = YES_ERROR;
				GCC_WARN_UNDECLARED_SELECTOR = YES;
				GCC_WARN_UNINITIALIZED_AUTOS = YES_AGGRESSIVE;
				GCC_WARN_UNUSED_FUNCTION = YES;
				GCC_WARN_UNUSED_VARIABLE = YES;
				MACOSX_DEPLOYMENT_TARGET = 13.3;
				MTL_ENABLE_DEBUG_INFO = INCLUDE_SOURCE;
				MTL_FAST_MATH = YES;
				ONLY_ACTIVE_ARCH = YES;
				SDKROOT = macosx;
			};
			name = Debug;
		};
		BC7B5CD62A3B311C00315090 /* Release */ = {
			isa = XCBuildConfiguration;
			buildSettings = {
				ALWAYS_SEARCH_USER_PATHS = NO;
				CLANG_ANALYZER_NONNULL = YES;
				CLANG_ANALYZER_NUMBER_OBJECT_CONVERSION = YES_AGGRESSIVE;
				CLANG_CXX_LANGUAGE_STANDARD = "gnu++20";
				CLANG_ENABLE_MODULES = YES;
				CLANG_ENABLE_OBJC_ARC = YES;
				CLANG_ENABLE_OBJC_WEAK = YES;
				CLANG_WARN_BLOCK_CAPTURE_AUTORELEASING = YES;
				CLANG_WARN_BOOL_CONVERSION = YES;
				CLANG_WARN_COMMA = YES;
				CLANG_WARN_CONSTANT_CONVERSION = YES;
				CLANG_WARN_DEPRECATED_OBJC_IMPLEMENTATIONS = YES;
				CLANG_WARN_DIRECT_OBJC_ISA_USAGE = YES_ERROR;
				CLANG_WARN_DOCUMENTATION_COMMENTS = YES;
				CLANG_WARN_EMPTY_BODY = YES;
				CLANG_WARN_ENUM_CONVERSION = YES;
				CLANG_WARN_INFINITE_RECURSION = YES;
				CLANG_WARN_INT_CONVERSION = YES;
				CLANG_WARN_NON_LITERAL_NULL_CONVERSION = YES;
				CLANG_WARN_OBJC_IMPLICIT_RETAIN_SELF = YES;
				CLANG_WARN_OBJC_LITERAL_CONVERSION = YES;
				CLANG_WARN_OBJC_ROOT_CLASS = YES_ERROR;
				CLANG_WARN_QUOTED_INCLUDE_IN_FRAMEWORK_HEADER = YES;
				CLANG_WARN_RANGE_LOOP_ANALYSIS = YES;
				CLANG_WARN_STRICT_PROTOTYPES = YES;
				CLANG_WARN_SUSPICIOUS_MOVE = YES;
				CLANG_WARN_UNGUARDED_AVAILABILITY = YES_AGGRESSIVE;
				CLANG_WARN_UNREACHABLE_CODE = YES;
				CLANG_WARN__DUPLICATE_METHOD_MATCH = YES;
				COPY_PHASE_STRIP = NO;
				DEBUG_INFORMATION_FORMAT = "dwarf-with-dsym";
				ENABLE_NS_ASSERTIONS = NO;
				ENABLE_STRICT_OBJC_MSGSEND = YES;
				GCC_C_LANGUAGE_STANDARD = gnu11;
				GCC_NO_COMMON_BLOCKS = YES;
				GCC_WARN_64_TO_32_BIT_CONVERSION = YES;
				GCC_WARN_ABOUT_RETURN_TYPE = YES_ERROR;
				GCC_WARN_UNDECLARED_SELECTOR = YES;
				GCC_WARN_UNINITIALIZED_AUTOS = YES_AGGRESSIVE;
				GCC_WARN_UNUSED_FUNCTION = YES;
				GCC_WARN_UNUSED_VARIABLE = YES;
				MACOSX_DEPLOYMENT_TARGET = 13.3;
				MTL_ENABLE_DEBUG_INFO = NO;
				MTL_FAST_MATH = YES;
				SDKROOT = macosx;
			};
			name = Release;
		};
		BC7B5CD82A3B311C00315090 /* Debug */ = {
			isa = XCBuildConfiguration;
			buildSettings = {
				CODE_SIGN_STYLE = Automatic;
				PRODUCT_NAME = "$(TARGET_NAME)";
			};
			name = Debug;
		};
		BC7B5CD92A3B311C00315090 /* Release */ = {
			isa = XCBuildConfiguration;
			buildSettings = {
				CODE_SIGN_STYLE = Automatic;
				PRODUCT_NAME = "$(TARGET_NAME)";
			};
			name = Release;
		};
/* End XCBuildConfiguration section */

/* Begin XCConfigurationList section */
		BC7B5CCB2A3B311C00315090 /* Build configuration list for PBXProject "Contrôle jeudi" */ = {
			isa = XCConfigurationList;
			buildConfigurations = (
				BC7B5CD52A3B311C00315090 /* Debug */,
				BC7B5CD62A3B311C00315090 /* Release */,
			);
			defaultConfigurationIsVisible = 0;
			defaultConfigurationName = Release;
		};
		BC7B5CD72A3B311C00315090 /* Build configuration list for PBXNativeTarget "Contrôle jeudi" */ = {
			isa = XCConfigurationList;
			buildConfigurations = (
				BC7B5CD82A3B311C00315090 /* Debug */,
				BC7B5CD92A3B311C00315090 /* Release */,
			);
			defaultConfigurationIsVisible = 0;
			defaultConfigurationName = Release;
		};
/* End XCConfigurationList section */
	};
	rootObject = BC7B5CC82A3B311C00315090 /* Project object */;
}
